// !$*UTF8*$!
{
	archiveVersion = 1;
	classes = {
	};
	objectVersion = 46;
	objects = {

/* Begin PBXBuildFile section */
		A28711A01B7F0F7B00010154 /* main.m in Sources */ = {isa = PBXBuildFile; fileRef = A287119F1B7F0F7B00010154 /* main.m */; };
		A28711A31B7F0F7B00010154 /* AppDelegate.m in Sources */ = {isa = PBXBuildFile; fileRef = A28711A21B7F0F7B00010154 /* AppDelegate.m */; };
		A28711A61B7F0F7B00010154 /* ViewController.m in Sources */ = {isa = PBXBuildFile; fileRef = A28711A51B7F0F7B00010154 /* ViewController.m */; };
		A28711BA1B7F0F7B00010154 /* DPLaunchIntroTests.m in Sources */ = {isa = PBXBuildFile; fileRef = A28711B91B7F0F7B00010154 /* DPLaunchIntroTests.m */; };
		A28711CE1B7F0FBD00010154 /* DPIntroFirstView.m in Sources */ = {isa = PBXBuildFile; fileRef = A28711C51B7F0FBD00010154 /* DPIntroFirstView.m */; };
		A28711CF1B7F0FBD00010154 /* DPIntroSecondView.m in Sources */ = {isa = PBXBuildFile; fileRef = A28711C71B7F0FBD00010154 /* DPIntroSecondView.m */; };
		A28711D01B7F0FBD00010154 /* DPIntroThirdView.m in Sources */ = {isa = PBXBuildFile; fileRef = A28711C91B7F0FBD00010154 /* DPIntroThirdView.m */; };
		A28711D11B7F0FBD00010154 /* DPLaunchAnimationPanel.m in Sources */ = {isa = PBXBuildFile; fileRef = A28711CB1B7F0FBD00010154 /* DPLaunchAnimationPanel.m */; };
		A28711D51B7F10BC00010154 /* DPAppIntroPanel.m in Sources */ = {isa = PBXBuildFile; fileRef = A28711D41B7F10BC00010154 /* DPAppIntroPanel.m */; };
		A28711D91B7F12BE00010154 /* DPMoviePlayerView.m in Sources */ = {isa = PBXBuildFile; fileRef = A28711D81B7F12BE00010154 /* DPMoviePlayerView.m */; settings = {COMPILER_FLAGS = "-fno-objc-arc"; }; };
		A28711E01B7F181600010154 /* DPLaunchAnimationView.m in Sources */ = {isa = PBXBuildFile; fileRef = A28711DF1B7F181600010154 /* DPLaunchAnimationView.m */; };
		A28711E11B7F181600010154 /* DPLaunchAnimationView.m in Sources */ = {isa = PBXBuildFile; fileRef = A28711DF1B7F181600010154 /* DPLaunchAnimationView.m */; };
		A28711E31B7F192200010154 /* CoreMedia.framework in Frameworks */ = {isa = PBXBuildFile; fileRef = A28711E21B7F192200010154 /* CoreMedia.framework */; };
		A28711FC1B7F19BE00010154 /* MASCompositeConstraint.m in Sources */ = {isa = PBXBuildFile; fileRef = A28711E61B7F19BE00010154 /* MASCompositeConstraint.m */; };
		A28711FD1B7F19BE00010154 /* MASCompositeConstraint.m in Sources */ = {isa = PBXBuildFile; fileRef = A28711E61B7F19BE00010154 /* MASCompositeConstraint.m */; };
		A28711FE1B7F19BE00010154 /* MASConstraint.m in Sources */ = {isa = PBXBuildFile; fileRef = A28711E91B7F19BE00010154 /* MASConstraint.m */; };
		A28711FF1B7F19BE00010154 /* MASConstraint.m in Sources */ = {isa = PBXBuildFile; fileRef = A28711E91B7F19BE00010154 /* MASConstraint.m */; };
		A28712001B7F19BE00010154 /* MASConstraintMaker.m in Sources */ = {isa = PBXBuildFile; fileRef = A28711EB1B7F19BE00010154 /* MASConstraintMaker.m */; };
		A28712011B7F19BE00010154 /* MASConstraintMaker.m in Sources */ = {isa = PBXBuildFile; fileRef = A28711EB1B7F19BE00010154 /* MASConstraintMaker.m */; };
		A28712021B7F19BE00010154 /* MASLayoutConstraint.m in Sources */ = {isa = PBXBuildFile; fileRef = A28711ED1B7F19BE00010154 /* MASLayoutConstraint.m */; };
		A28712031B7F19BE00010154 /* MASLayoutConstraint.m in Sources */ = {isa = PBXBuildFile; fileRef = A28711ED1B7F19BE00010154 /* MASLayoutConstraint.m */; };
		A28712041B7F19BE00010154 /* MASViewAttribute.m in Sources */ = {isa = PBXBuildFile; fileRef = A28711F11B7F19BE00010154 /* MASViewAttribute.m */; };
		A28712051B7F19BE00010154 /* MASViewAttribute.m in Sources */ = {isa = PBXBuildFile; fileRef = A28711F11B7F19BE00010154 /* MASViewAttribute.m */; };
		A28712061B7F19BE00010154 /* MASViewConstraint.m in Sources */ = {isa = PBXBuildFile; fileRef = A28711F31B7F19BE00010154 /* MASViewConstraint.m */; };
		A28712071B7F19BE00010154 /* MASViewConstraint.m in Sources */ = {isa = PBXBuildFile; fileRef = A28711F31B7F19BE00010154 /* MASViewConstraint.m */; };
		A28712081B7F19BE00010154 /* NSArray+MASAdditions.m in Sources */ = {isa = PBXBuildFile; fileRef = A28711F51B7F19BE00010154 /* NSArray+MASAdditions.m */; };
		A28712091B7F19BE00010154 /* NSArray+MASAdditions.m in Sources */ = {isa = PBXBuildFile; fileRef = A28711F51B7F19BE00010154 /* NSArray+MASAdditions.m */; };
		A287120A1B7F19BE00010154 /* NSLayoutConstraint+MASDebugAdditions.m in Sources */ = {isa = PBXBuildFile; fileRef = A28711F81B7F19BE00010154 /* NSLayoutConstraint+MASDebugAdditions.m */; };
		A287120B1B7F19BE00010154 /* NSLayoutConstraint+MASDebugAdditions.m in Sources */ = {isa = PBXBuildFile; fileRef = A28711F81B7F19BE00010154 /* NSLayoutConstraint+MASDebugAdditions.m */; };
		A287120C1B7F19BE00010154 /* View+MASAdditions.m in Sources */ = {isa = PBXBuildFile; fileRef = A28711FA1B7F19BE00010154 /* View+MASAdditions.m */; };
		A287120D1B7F19BE00010154 /* View+MASAdditions.m in Sources */ = {isa = PBXBuildFile; fileRef = A28711FA1B7F19BE00010154 /* View+MASAdditions.m */; };
		A28712291B7F1E3100010154 /* welcome_bg_ip4@2x.png in Resources */ = {isa = PBXBuildFile; fileRef = A287120F1B7F1E3100010154 /* welcome_bg_ip4@2x.png */; };
		A287122A1B7F1E3100010154 /* welcome_bg_ip4@2x.png in Resources */ = {isa = PBXBuildFile; fileRef = A287120F1B7F1E3100010154 /* welcome_bg_ip4@2x.png */; };
		A287122B1B7F1E3100010154 /* welcome_bg_ip6p@2x.png in Resources */ = {isa = PBXBuildFile; fileRef = A28712101B7F1E3100010154 /* welcome_bg_ip6p@2x.png */; };
		A287122C1B7F1E3100010154 /* welcome_bg_ip6p@2x.png in Resources */ = {isa = PBXBuildFile; fileRef = A28712101B7F1E3100010154 /* welcome_bg_ip6p@2x.png */; };
		A287122D1B7F1E3100010154 /* welcome_cover_ip4@2x.png in Resources */ = {isa = PBXBuildFile; fileRef = A28712111B7F1E3100010154 /* welcome_cover_ip4@2x.png */; };
		A287122E1B7F1E3100010154 /* welcome_cover_ip4@2x.png in Resources */ = {isa = PBXBuildFile; fileRef = A28712111B7F1E3100010154 /* welcome_cover_ip4@2x.png */; };
		A287122F1B7F1E3100010154 /* welcome_cover_ip6p@2x.png in Resources */ = {isa = PBXBuildFile; fileRef = A28712121B7F1E3100010154 /* welcome_cover_ip6p@2x.png */; };
		A28712301B7F1E3100010154 /* welcome_cover_ip6p@2x.png in Resources */ = {isa = PBXBuildFile; fileRef = A28712121B7F1E3100010154 /* welcome_cover_ip6p@2x.png */; };
		A28712311B7F1E3100010154 /* welcome_item1_ip4@2x.png in Resources */ = {isa = PBXBuildFile; fileRef = A28712131B7F1E3100010154 /* welcome_item1_ip4@2x.png */; };
		A28712321B7F1E3100010154 /* welcome_item1_ip4@2x.png in Resources */ = {isa = PBXBuildFile; fileRef = A28712131B7F1E3100010154 /* welcome_item1_ip4@2x.png */; };
		A28712331B7F1E3100010154 /* welcome_item1_ip6p@2x.png in Resources */ = {isa = PBXBuildFile; fileRef = A28712141B7F1E3100010154 /* welcome_item1_ip6p@2x.png */; };
		A28712341B7F1E3100010154 /* welcome_item1_ip6p@2x.png in Resources */ = {isa = PBXBuildFile; fileRef = A28712141B7F1E3100010154 /* welcome_item1_ip6p@2x.png */; };
		A28712351B7F1E3100010154 /* welcome_item2_ip4@2x.png in Resources */ = {isa = PBXBuildFile; fileRef = A28712151B7F1E3100010154 /* welcome_item2_ip4@2x.png */; };
		A28712361B7F1E3100010154 /* welcome_item2_ip4@2x.png in Resources */ = {isa = PBXBuildFile; fileRef = A28712151B7F1E3100010154 /* welcome_item2_ip4@2x.png */; };
		A28712371B7F1E3100010154 /* welcome_item2_ip6p@2x.png in Resources */ = {isa = PBXBuildFile; fileRef = A28712161B7F1E3100010154 /* welcome_item2_ip6p@2x.png */; };
		A28712381B7F1E3100010154 /* welcome_item2_ip6p@2x.png in Resources */ = {isa = PBXBuildFile; fileRef = A28712161B7F1E3100010154 /* welcome_item2_ip6p@2x.png */; };
		A28712391B7F1E3100010154 /* welcome_item3_ip4@2x.png in Resources */ = {isa = PBXBuildFile; fileRef = A28712171B7F1E3100010154 /* welcome_item3_ip4@2x.png */; };
		A287123A1B7F1E3100010154 /* welcome_item3_ip4@2x.png in Resources */ = {isa = PBXBuildFile; fileRef = A28712171B7F1E3100010154 /* welcome_item3_ip4@2x.png */; };
		A287123B1B7F1E3100010154 /* welcome_item3_ip6p@2x.png in Resources */ = {isa = PBXBuildFile; fileRef = A28712181B7F1E3100010154 /* welcome_item3_ip6p@2x.png */; };
		A287123C1B7F1E3100010154 /* welcome_item3_ip6p@2x.png in Resources */ = {isa = PBXBuildFile; fileRef = A28712181B7F1E3100010154 /* welcome_item3_ip6p@2x.png */; };
		A287123D1B7F1E3100010154 /* welcome_join_ip4@2x.png in Resources */ = {isa = PBXBuildFile; fileRef = A28712191B7F1E3100010154 /* welcome_join_ip4@2x.png */; };
		A287123E1B7F1E3100010154 /* welcome_join_ip4@2x.png in Resources */ = {isa = PBXBuildFile; fileRef = A28712191B7F1E3100010154 /* welcome_join_ip4@2x.png */; };
		A287123F1B7F1E3100010154 /* welcome_join_ip4_HL@2x.png in Resources */ = {isa = PBXBuildFile; fileRef = A287121A1B7F1E3100010154 /* welcome_join_ip4_HL@2x.png */; };
		A28712401B7F1E3100010154 /* welcome_join_ip4_HL@2x.png in Resources */ = {isa = PBXBuildFile; fileRef = A287121A1B7F1E3100010154 /* welcome_join_ip4_HL@2x.png */; };
		A28712411B7F1E3100010154 /* welcome_join_ip6p@2x.png in Resources */ = {isa = PBXBuildFile; fileRef = A287121B1B7F1E3100010154 /* welcome_join_ip6p@2x.png */; };
		A28712421B7F1E3100010154 /* welcome_join_ip6p@2x.png in Resources */ = {isa = PBXBuildFile; fileRef = A287121B1B7F1E3100010154 /* welcome_join_ip6p@2x.png */; };
		A28712431B7F1E3100010154 /* welcome_join_ip6p_HL@2x.png in Resources */ = {isa = PBXBuildFile; fileRef = A287121C1B7F1E3100010154 /* welcome_join_ip6p_HL@2x.png */; };
		A28712441B7F1E3100010154 /* welcome_join_ip6p_HL@2x.png in Resources */ = {isa = PBXBuildFile; fileRef = A287121C1B7F1E3100010154 /* welcome_join_ip6p_HL@2x.png */; };
		A28712451B7F1E3100010154 /* welcome_Logo_ip4@2x.png in Resources */ = {isa = PBXBuildFile; fileRef = A287121D1B7F1E3100010154 /* welcome_Logo_ip4@2x.png */; };
		A28712461B7F1E3100010154 /* welcome_Logo_ip4@2x.png in Resources */ = {isa = PBXBuildFile; fileRef = A287121D1B7F1E3100010154 /* welcome_Logo_ip4@2x.png */; };
		A28712471B7F1E3100010154 /* welcome_Logo_ip6p@2x.png in Resources */ = {isa = PBXBuildFile; fileRef = A287121E1B7F1E3100010154 /* welcome_Logo_ip6p@2x.png */; };
		A28712481B7F1E3100010154 /* welcome_Logo_ip6p@2x.png in Resources */ = {isa = PBXBuildFile; fileRef = A287121E1B7F1E3100010154 /* welcome_Logo_ip6p@2x.png */; };
		A28712491B7F1E3100010154 /* welcome_text1_ip4@2x.png in Resources */ = {isa = PBXBuildFile; fileRef = A287121F1B7F1E3100010154 /* welcome_text1_ip4@2x.png */; };
		A287124A1B7F1E3100010154 /* welcome_text1_ip4@2x.png in Resources */ = {isa = PBXBuildFile; fileRef = A287121F1B7F1E3100010154 /* welcome_text1_ip4@2x.png */; };
		A287124B1B7F1E3100010154 /* welcome_text1_ip6p@2x.png in Resources */ = {isa = PBXBuildFile; fileRef = A28712201B7F1E3100010154 /* welcome_text1_ip6p@2x.png */; };
		A287124C1B7F1E3100010154 /* welcome_text1_ip6p@2x.png in Resources */ = {isa = PBXBuildFile; fileRef = A28712201B7F1E3100010154 /* welcome_text1_ip6p@2x.png */; };
		A287124D1B7F1E3100010154 /* welcome_text2_ip4@2x.png in Resources */ = {isa = PBXBuildFile; fileRef = A28712211B7F1E3100010154 /* welcome_text2_ip4@2x.png */; };
		A287124E1B7F1E3100010154 /* welcome_text2_ip4@2x.png in Resources */ = {isa = PBXBuildFile; fileRef = A28712211B7F1E3100010154 /* welcome_text2_ip4@2x.png */; };
		A287124F1B7F1E3100010154 /* welcome_text2_ip6p@2x.png in Resources */ = {isa = PBXBuildFile; fileRef = A28712221B7F1E3100010154 /* welcome_text2_ip6p@2x.png */; };
		A28712501B7F1E3100010154 /* welcome_text2_ip6p@2x.png in Resources */ = {isa = PBXBuildFile; fileRef = A28712221B7F1E3100010154 /* welcome_text2_ip6p@2x.png */; };
		A28712511B7F1E3100010154 /* welcome_text3_ip4@2x.png in Resources */ = {isa = PBXBuildFile; fileRef = A28712231B7F1E3100010154 /* welcome_text3_ip4@2x.png */; };
		A28712521B7F1E3100010154 /* welcome_text3_ip4@2x.png in Resources */ = {isa = PBXBuildFile; fileRef = A28712231B7F1E3100010154 /* welcome_text3_ip4@2x.png */; };
		A28712531B7F1E3100010154 /* welcome_text3_ip6p@2x.png in Resources */ = {isa = PBXBuildFile; fileRef = A28712241B7F1E3100010154 /* welcome_text3_ip6p@2x.png */; };
		A28712541B7F1E3100010154 /* welcome_text3_ip6p@2x.png in Resources */ = {isa = PBXBuildFile; fileRef = A28712241B7F1E3100010154 /* welcome_text3_ip6p@2x.png */; };
		A28712551B7F1E3100010154 /* welcome_title1_ip4@2x.png in Resources */ = {isa = PBXBuildFile; fileRef = A28712251B7F1E3100010154 /* welcome_title1_ip4@2x.png */; };
		A28712561B7F1E3100010154 /* welcome_title1_ip4@2x.png in Resources */ = {isa = PBXBuildFile; fileRef = A28712251B7F1E3100010154 /* welcome_title1_ip4@2x.png */; };
		A28712571B7F1E3100010154 /* welcome_title1_ip6p@2x.png in Resources */ = {isa = PBXBuildFile; fileRef = A28712261B7F1E3100010154 /* welcome_title1_ip6p@2x.png */; };
		A28712581B7F1E3100010154 /* welcome_title1_ip6p@2x.png in Resources */ = {isa = PBXBuildFile; fileRef = A28712261B7F1E3100010154 /* welcome_title1_ip6p@2x.png */; };
		A28712591B7F1E3100010154 /* welcome_title2_ip4@2x.png in Resources */ = {isa = PBXBuildFile; fileRef = A28712271B7F1E3100010154 /* welcome_title2_ip4@2x.png */; };
		A287125A1B7F1E3100010154 /* welcome_title2_ip4@2x.png in Resources */ = {isa = PBXBuildFile; fileRef = A28712271B7F1E3100010154 /* welcome_title2_ip4@2x.png */; };
		A287125B1B7F1E3100010154 /* welcome_title2_ip6p@2x.png in Resources */ = {isa = PBXBuildFile; fileRef = A28712281B7F1E3100010154 /* welcome_title2_ip6p@2x.png */; };
		A287125C1B7F1E3100010154 /* welcome_title2_ip6p@2x.png in Resources */ = {isa = PBXBuildFile; fileRef = A28712281B7F1E3100010154 /* welcome_title2_ip6p@2x.png */; };
		A28712691B7F1FD800010154 /* icon-57.png in Resources */ = {isa = PBXBuildFile; fileRef = A28712661B7F1FD800010154 /* icon-57.png */; };
		A287126A1B7F1FD800010154 /* icon-57.png in Resources */ = {isa = PBXBuildFile; fileRef = A28712661B7F1FD800010154 /* icon-57.png */; };
		A287126B1B7F1FD800010154 /* icon-114.png in Resources */ = {isa = PBXBuildFile; fileRef = A28712671B7F1FD800010154 /* icon-114.png */; };
		A287126C1B7F1FD800010154 /* icon-114.png in Resources */ = {isa = PBXBuildFile; fileRef = A28712671B7F1FD800010154 /* icon-114.png */; };
		A287126D1B7F1FD800010154 /* icon-120.png in Resources */ = {isa = PBXBuildFile; fileRef = A28712681B7F1FD800010154 /* icon-120.png */; };
		A287126E1B7F1FD800010154 /* icon-120.png in Resources */ = {isa = PBXBuildFile; fileRef = A28712681B7F1FD800010154 /* icon-120.png */; };
		A28712741B7F203400010154 /* Default-568h@2x.png in Resources */ = {isa = PBXBuildFile; fileRef = A287126F1B7F203400010154 /* Default-568h@2x.png */; };
		A28712751B7F203400010154 /* Default-568h@2x.png in Resources */ = {isa = PBXBuildFile; fileRef = A287126F1B7F203400010154 /* Default-568h@2x.png */; };
		A28712761B7F203400010154 /* Default-667h@2x.png in Resources */ = {isa = PBXBuildFile; fileRef = A28712701B7F203400010154 /* Default-667h@2x.png */; };
		A28712771B7F203400010154 /* Default-667h@2x.png in Resources */ = {isa = PBXBuildFile; fileRef = A28712701B7F203400010154 /* Default-667h@2x.png */; };
		A28712781B7F203400010154 /* Default-736h@3x.png in Resources */ = {isa = PBXBuildFile; fileRef = A28712711B7F203400010154 /* Default-736h@3x.png */; };
		A28712791B7F203400010154 /* Default-736h@3x.png in Resources */ = {isa = PBXBuildFile; fileRef = A28712711B7F203400010154 /* Default-736h@3x.png */; };
		A287127A1B7F203400010154 /* Default.png in Resources */ = {isa = PBXBuildFile; fileRef = A28712721B7F203400010154 /* Default.png */; };
		A287127B1B7F203400010154 /* Default.png in Resources */ = {isa = PBXBuildFile; fileRef = A28712721B7F203400010154 /* Default.png */; };
		A287127C1B7F203400010154 /* Default@2x.png in Resources */ = {isa = PBXBuildFile; fileRef = A28712731B7F203400010154 /* Default@2x.png */; };
		A287127D1B7F203400010154 /* Default@2x.png in Resources */ = {isa = PBXBuildFile; fileRef = A28712731B7F203400010154 /* Default@2x.png */; };
		A28712811B7F20AF00010154 /* intro_video_1.mov in Resources */ = {isa = PBXBuildFile; fileRef = A287127F1B7F20AF00010154 /* intro_video_1.mov */; };
		A28712821B7F20AF00010154 /* intro_video_1.mov in Resources */ = {isa = PBXBuildFile; fileRef = A287127F1B7F20AF00010154 /* intro_video_1.mov */; };
		A28712831B7F20AF00010154 /* intro_video_2.mov in Resources */ = {isa = PBXBuildFile; fileRef = A28712801B7F20AF00010154 /* intro_video_2.mov */; };
		A28712841B7F20AF00010154 /* intro_video_2.mov in Resources */ = {isa = PBXBuildFile; fileRef = A28712801B7F20AF00010154 /* intro_video_2.mov */; };
		A28712871B7F22AD00010154 /* launch_1@2x.png in Resources */ = {isa = PBXBuildFile; fileRef = A28712851B7F22AD00010154 /* launch_1@2x.png */; };
		A28712881B7F22AD00010154 /* launch_1@2x.png in Resources */ = {isa = PBXBuildFile; fileRef = A28712851B7F22AD00010154 /* launch_1@2x.png */; };
		A28712891B7F22AD00010154 /* launch_2@2x.png in Resources */ = {isa = PBXBuildFile; fileRef = A28712861B7F22AD00010154 /* launch_2@2x.png */; };
		A287128A1B7F22AD00010154 /* launch_2@2x.png in Resources */ = {isa = PBXBuildFile; fileRef = A28712861B7F22AD00010154 /* launch_2@2x.png */; };
/* End PBXBuildFile section */

/* Begin PBXContainerItemProxy section */
		A28711B41B7F0F7B00010154 /* PBXContainerItemProxy */ = {
			isa = PBXContainerItemProxy;
			containerPortal = A28711921B7F0F7B00010154 /* Project object */;
			proxyType = 1;
			remoteGlobalIDString = A28711991B7F0F7B00010154;
			remoteInfo = DPLaunchIntro;
		};
/* End PBXContainerItemProxy section */

/* Begin PBXFileReference section */
		A287119A1B7F0F7B00010154 /* DPLaunchIntro.app */ = {isa = PBXFileReference; explicitFileType = wrapper.application; includeInIndex = 0; path = DPLaunchIntro.app; sourceTree = BUILT_PRODUCTS_DIR; };
		A287119E1B7F0F7B00010154 /* Info.plist */ = {isa = PBXFileReference; lastKnownFileType = text.plist.xml; path = Info.plist; sourceTree = "<group>"; };
		A287119F1B7F0F7B00010154 /* main.m */ = {isa = PBXFileReference; lastKnownFileType = sourcecode.c.objc; path = main.m; sourceTree = "<group>"; };
		A28711A11B7F0F7B00010154 /* AppDelegate.h */ = {isa = PBXFileReference; lastKnownFileType = sourcecode.c.h; path = AppDelegate.h; sourceTree = "<group>"; };
		A28711A21B7F0F7B00010154 /* AppDelegate.m */ = {isa = PBXFileReference; lastKnownFileType = sourcecode.c.objc; path = AppDelegate.m; sourceTree = "<group>"; };
		A28711A41B7F0F7B00010154 /* ViewController.h */ = {isa = PBXFileReference; lastKnownFileType = sourcecode.c.h; path = ViewController.h; sourceTree = "<group>"; };
		A28711A51B7F0F7B00010154 /* ViewController.m */ = {isa = PBXFileReference; lastKnownFileType = sourcecode.c.objc; path = ViewController.m; sourceTree = "<group>"; };
		A28711B31B7F0F7B00010154 /* DPLaunchIntroTests.xctest */ = {isa = PBXFileReference; explicitFileType = wrapper.cfbundle; includeInIndex = 0; path = DPLaunchIntroTests.xctest; sourceTree = BUILT_PRODUCTS_DIR; };
		A28711B81B7F0F7B00010154 /* Info.plist */ = {isa = PBXFileReference; lastKnownFileType = text.plist.xml; path = Info.plist; sourceTree = "<group>"; };
		A28711B91B7F0F7B00010154 /* DPLaunchIntroTests.m */ = {isa = PBXFileReference; lastKnownFileType = sourcecode.c.objc; path = DPLaunchIntroTests.m; sourceTree = "<group>"; };
		A28711C41B7F0FBD00010154 /* DPIntroFirstView.h */ = {isa = PBXFileReference; fileEncoding = 4; lastKnownFileType = sourcecode.c.h; path = DPIntroFirstView.h; sourceTree = "<group>"; };
		A28711C51B7F0FBD00010154 /* DPIntroFirstView.m */ = {isa = PBXFileReference; fileEncoding = 4; lastKnownFileType = sourcecode.c.objc; path = DPIntroFirstView.m; sourceTree = "<group>"; };
		A28711C61B7F0FBD00010154 /* DPIntroSecondView.h */ = {isa = PBXFileReference; fileEncoding = 4; lastKnownFileType = sourcecode.c.h; path = DPIntroSecondView.h; sourceTree = "<group>"; };
		A28711C71B7F0FBD00010154 /* DPIntroSecondView.m */ = {isa = PBXFileReference; fileEncoding = 4; lastKnownFileType = sourcecode.c.objc; path = DPIntroSecondView.m; sourceTree = "<group>"; };
		A28711C81B7F0FBD00010154 /* DPIntroThirdView.h */ = {isa = PBXFileReference; fileEncoding = 4; lastKnownFileType = sourcecode.c.h; path = DPIntroThirdView.h; sourceTree = "<group>"; };
		A28711C91B7F0FBD00010154 /* DPIntroThirdView.m */ = {isa = PBXFileReference; fileEncoding = 4; lastKnownFileType = sourcecode.c.objc; path = DPIntroThirdView.m; sourceTree = "<group>"; };
		A28711CA1B7F0FBD00010154 /* DPLaunchAnimationPanel.h */ = {isa = PBXFileReference; fileEncoding = 4; lastKnownFileType = sourcecode.c.h; path = DPLaunchAnimationPanel.h; sourceTree = "<group>"; };
		A28711CB1B7F0FBD00010154 /* DPLaunchAnimationPanel.m */ = {isa = PBXFileReference; fileEncoding = 4; lastKnownFileType = sourcecode.c.objc; path = DPLaunchAnimationPanel.m; sourceTree = "<group>"; };
		A28711D31B7F10BC00010154 /* DPAppIntroPanel.h */ = {isa = PBXFileReference; fileEncoding = 4; lastKnownFileType = sourcecode.c.h; path = DPAppIntroPanel.h; sourceTree = "<group>"; };
		A28711D41B7F10BC00010154 /* DPAppIntroPanel.m */ = {isa = PBXFileReference; fileEncoding = 4; lastKnownFileType = sourcecode.c.objc; path = DPAppIntroPanel.m; sourceTree = "<group>"; };
		A28711D71B7F12BE00010154 /* DPMoviePlayerView.h */ = {isa = PBXFileReference; fileEncoding = 4; lastKnownFileType = sourcecode.c.h; path = DPMoviePlayerView.h; sourceTree = "<group>"; };
		A28711D81B7F12BE00010154 /* DPMoviePlayerView.m */ = {isa = PBXFileReference; fileEncoding = 4; lastKnownFileType = sourcecode.c.objc; path = DPMoviePlayerView.m; sourceTree = "<group>"; };
		A28711DA1B7F13AD00010154 /* DPLaunchIntro-Prefix.pch */ = {isa = PBXFileReference; fileEncoding = 4; lastKnownFileType = sourcecode.c.h; path = "DPLaunchIntro-Prefix.pch"; sourceTree = "<group>"; };
		A28711DE1B7F181600010154 /* DPLaunchAnimationView.h */ = {isa = PBXFileReference; fileEncoding = 4; lastKnownFileType = sourcecode.c.h; path = DPLaunchAnimationView.h; sourceTree = "<group>"; };
		A28711DF1B7F181600010154 /* DPLaunchAnimationView.m */ = {isa = PBXFileReference; fileEncoding = 4; lastKnownFileType = sourcecode.c.objc; path = DPLaunchAnimationView.m; sourceTree = "<group>"; };
		A28711E21B7F192200010154 /* CoreMedia.framework */ = {isa = PBXFileReference; lastKnownFileType = wrapper.framework; name = CoreMedia.framework; path = System/Library/Frameworks/CoreMedia.framework; sourceTree = SDKROOT; };
		A28711E51B7F19BE00010154 /* MASCompositeConstraint.h */ = {isa = PBXFileReference; fileEncoding = 4; lastKnownFileType = sourcecode.c.h; path = MASCompositeConstraint.h; sourceTree = "<group>"; };
		A28711E61B7F19BE00010154 /* MASCompositeConstraint.m */ = {isa = PBXFileReference; fileEncoding = 4; lastKnownFileType = sourcecode.c.objc; path = MASCompositeConstraint.m; sourceTree = "<group>"; };
		A28711E71B7F19BE00010154 /* MASConstraint+Private.h */ = {isa = PBXFileReference; fileEncoding = 4; lastKnownFileType = sourcecode.c.h; path = "MASConstraint+Private.h"; sourceTree = "<group>"; };
		A28711E81B7F19BE00010154 /* MASConstraint.h */ = {isa = PBXFileReference; fileEncoding = 4; lastKnownFileType = sourcecode.c.h; path = MASConstraint.h; sourceTree = "<group>"; };
		A28711E91B7F19BE00010154 /* MASConstraint.m */ = {isa = PBXFileReference; fileEncoding = 4; lastKnownFileType = sourcecode.c.objc; path = MASConstraint.m; sourceTree = "<group>"; };
		A28711EA1B7F19BE00010154 /* MASConstraintMaker.h */ = {isa = PBXFileReference; fileEncoding = 4; lastKnownFileType = sourcecode.c.h; path = MASConstraintMaker.h; sourceTree = "<group>"; };
		A28711EB1B7F19BE00010154 /* MASConstraintMaker.m */ = {isa = PBXFileReference; fileEncoding = 4; lastKnownFileType = sourcecode.c.objc; path = MASConstraintMaker.m; sourceTree = "<group>"; };
		A28711EC1B7F19BE00010154 /* MASLayoutConstraint.h */ = {isa = PBXFileReference; fileEncoding = 4; lastKnownFileType = sourcecode.c.h; path = MASLayoutConstraint.h; sourceTree = "<group>"; };
		A28711ED1B7F19BE00010154 /* MASLayoutConstraint.m */ = {isa = PBXFileReference; fileEncoding = 4; lastKnownFileType = sourcecode.c.objc; path = MASLayoutConstraint.m; sourceTree = "<group>"; };
		A28711EE1B7F19BE00010154 /* Masonry.h */ = {isa = PBXFileReference; fileEncoding = 4; lastKnownFileType = sourcecode.c.h; path = Masonry.h; sourceTree = "<group>"; };
		A28711EF1B7F19BE00010154 /* MASUtilities.h */ = {isa = PBXFileReference; fileEncoding = 4; lastKnownFileType = sourcecode.c.h; path = MASUtilities.h; sourceTree = "<group>"; };
		A28711F01B7F19BE00010154 /* MASViewAttribute.h */ = {isa = PBXFileReference; fileEncoding = 4; lastKnownFileType = sourcecode.c.h; path = MASViewAttribute.h; sourceTree = "<group>"; };
		A28711F11B7F19BE00010154 /* MASViewAttribute.m */ = {isa = PBXFileReference; fileEncoding = 4; lastKnownFileType = sourcecode.c.objc; path = MASViewAttribute.m; sourceTree = "<group>"; };
		A28711F21B7F19BE00010154 /* MASViewConstraint.h */ = {isa = PBXFileReference; fileEncoding = 4; lastKnownFileType = sourcecode.c.h; path = MASViewConstraint.h; sourceTree = "<group>"; };
		A28711F31B7F19BE00010154 /* MASViewConstraint.m */ = {isa = PBXFileReference; fileEncoding = 4; lastKnownFileType = sourcecode.c.objc; path = MASViewConstraint.m; sourceTree = "<group>"; };
		A28711F41B7F19BE00010154 /* NSArray+MASAdditions.h */ = {isa = PBXFileReference; fileEncoding = 4; lastKnownFileType = sourcecode.c.h; path = "NSArray+MASAdditions.h"; sourceTree = "<group>"; };
		A28711F51B7F19BE00010154 /* NSArray+MASAdditions.m */ = {isa = PBXFileReference; fileEncoding = 4; lastKnownFileType = sourcecode.c.objc; path = "NSArray+MASAdditions.m"; sourceTree = "<group>"; };
		A28711F61B7F19BE00010154 /* NSArray+MASShorthandAdditions.h */ = {isa = PBXFileReference; fileEncoding = 4; lastKnownFileType = sourcecode.c.h; path = "NSArray+MASShorthandAdditions.h"; sourceTree = "<group>"; };
		A28711F71B7F19BE00010154 /* NSLayoutConstraint+MASDebugAdditions.h */ = {isa = PBXFileReference; fileEncoding = 4; lastKnownFileType = sourcecode.c.h; path = "NSLayoutConstraint+MASDebugAdditions.h"; sourceTree = "<group>"; };
		A28711F81B7F19BE00010154 /* NSLayoutConstraint+MASDebugAdditions.m */ = {isa = PBXFileReference; fileEncoding = 4; lastKnownFileType = sourcecode.c.objc; path = "NSLayoutConstraint+MASDebugAdditions.m"; sourceTree = "<group>"; };
		A28711F91B7F19BE00010154 /* View+MASAdditions.h */ = {isa = PBXFileReference; fileEncoding = 4; lastKnownFileType = sourcecode.c.h; path = "View+MASAdditions.h"; sourceTree = "<group>"; };
		A28711FA1B7F19BE00010154 /* View+MASAdditions.m */ = {isa = PBXFileReference; fileEncoding = 4; lastKnownFileType = sourcecode.c.objc; path = "View+MASAdditions.m"; sourceTree = "<group>"; };
		A28711FB1B7F19BE00010154 /* View+MASShorthandAdditions.h */ = {isa = PBXFileReference; fileEncoding = 4; lastKnownFileType = sourcecode.c.h; path = "View+MASShorthandAdditions.h"; sourceTree = "<group>"; };
		A287120F1B7F1E3100010154 /* welcome_bg_ip4@2x.png */ = {isa = PBXFileReference; lastKnownFileType = image.png; path = "welcome_bg_ip4@2x.png"; sourceTree = "<group>"; };
		A28712101B7F1E3100010154 /* welcome_bg_ip6p@2x.png */ = {isa = PBXFileReference; lastKnownFileType = image.png; path = "welcome_bg_ip6p@2x.png"; sourceTree = "<group>"; };
		A28712111B7F1E3100010154 /* welcome_cover_ip4@2x.png */ = {isa = PBXFileReference; lastKnownFileType = image.png; path = "welcome_cover_ip4@2x.png"; sourceTree = "<group>"; };
		A28712121B7F1E3100010154 /* welcome_cover_ip6p@2x.png */ = {isa = PBXFileReference; lastKnownFileType = image.png; path = "welcome_cover_ip6p@2x.png"; sourceTree = "<group>"; };
		A28712131B7F1E3100010154 /* welcome_item1_ip4@2x.png */ = {isa = PBXFileReference; lastKnownFileType = image.png; path = "welcome_item1_ip4@2x.png"; sourceTree = "<group>"; };
		A28712141B7F1E3100010154 /* welcome_item1_ip6p@2x.png */ = {isa = PBXFileReference; lastKnownFileType = image.png; path = "welcome_item1_ip6p@2x.png"; sourceTree = "<group>"; };
		A28712151B7F1E3100010154 /* welcome_item2_ip4@2x.png */ = {isa = PBXFileReference; lastKnownFileType = image.png; path = "welcome_item2_ip4@2x.png"; sourceTree = "<group>"; };
		A28712161B7F1E3100010154 /* welcome_item2_ip6p@2x.png */ = {isa = PBXFileReference; lastKnownFileType = image.png; path = "welcome_item2_ip6p@2x.png"; sourceTree = "<group>"; };
		A28712171B7F1E3100010154 /* welcome_item3_ip4@2x.png */ = {isa = PBXFileReference; lastKnownFileType = image.png; path = "welcome_item3_ip4@2x.png"; sourceTree = "<group>"; };
		A28712181B7F1E3100010154 /* welcome_item3_ip6p@2x.png */ = {isa = PBXFileReference; lastKnownFileType = image.png; path = "welcome_item3_ip6p@2x.png"; sourceTree = "<group>"; };
		A28712191B7F1E3100010154 /* welcome_join_ip4@2x.png */ = {isa = PBXFileReference; lastKnownFileType = image.png; path = "welcome_join_ip4@2x.png"; sourceTree = "<group>"; };
		A287121A1B7F1E3100010154 /* welcome_join_ip4_HL@2x.png */ = {isa = PBXFileReference; lastKnownFileType = image.png; path = "welcome_join_ip4_HL@2x.png"; sourceTree = "<group>"; };
		A287121B1B7F1E3100010154 /* welcome_join_ip6p@2x.png */ = {isa = PBXFileReference; lastKnownFileType = image.png; path = "welcome_join_ip6p@2x.png"; sourceTree = "<group>"; };
		A287121C1B7F1E3100010154 /* welcome_join_ip6p_HL@2x.png */ = {isa = PBXFileReference; lastKnownFileType = image.png; path = "welcome_join_ip6p_HL@2x.png"; sourceTree = "<group>"; };
		A287121D1B7F1E3100010154 /* welcome_Logo_ip4@2x.png */ = {isa = PBXFileReference; lastKnownFileType = image.png; path = "welcome_Logo_ip4@2x.png"; sourceTree = "<group>"; };
		A287121E1B7F1E3100010154 /* welcome_Logo_ip6p@2x.png */ = {isa = PBXFileReference; lastKnownFileType = image.png; path = "welcome_Logo_ip6p@2x.png"; sourceTree = "<group>"; };
		A287121F1B7F1E3100010154 /* welcome_text1_ip4@2x.png */ = {isa = PBXFileReference; lastKnownFileType = image.png; path = "welcome_text1_ip4@2x.png"; sourceTree = "<group>"; };
		A28712201B7F1E3100010154 /* welcome_text1_ip6p@2x.png */ = {isa = PBXFileReference; lastKnownFileType = image.png; path = "welcome_text1_ip6p@2x.png"; sourceTree = "<group>"; };
		A28712211B7F1E3100010154 /* welcome_text2_ip4@2x.png */ = {isa = PBXFileReference; lastKnownFileType = image.png; path = "welcome_text2_ip4@2x.png"; sourceTree = "<group>"; };
		A28712221B7F1E3100010154 /* welcome_text2_ip6p@2x.png */ = {isa = PBXFileReference; lastKnownFileType = image.png; path = "welcome_text2_ip6p@2x.png"; sourceTree = "<group>"; };
		A28712231B7F1E3100010154 /* welcome_text3_ip4@2x.png */ = {isa = PBXFileReference; lastKnownFileType = image.png; path = "welcome_text3_ip4@2x.png"; sourceTree = "<group>"; };
		A28712241B7F1E3100010154 /* welcome_text3_ip6p@2x.png */ = {isa = PBXFileReference; lastKnownFileType = image.png; path = "welcome_text3_ip6p@2x.png"; sourceTree = "<group>"; };
		A28712251B7F1E3100010154 /* welcome_title1_ip4@2x.png */ = {isa = PBXFileReference; lastKnownFileType = image.png; path = "welcome_title1_ip4@2x.png"; sourceTree = "<group>"; };
		A28712261B7F1E3100010154 /* welcome_title1_ip6p@2x.png */ = {isa = PBXFileReference; lastKnownFileType = image.png; path = "welcome_title1_ip6p@2x.png"; sourceTree = "<group>"; };
		A28712271B7F1E3100010154 /* welcome_title2_ip4@2x.png */ = {isa = PBXFileReference; lastKnownFileType = image.png; path = "welcome_title2_ip4@2x.png"; sourceTree = "<group>"; };
		A28712281B7F1E3100010154 /* welcome_title2_ip6p@2x.png */ = {isa = PBXFileReference; lastKnownFileType = image.png; path = "welcome_title2_ip6p@2x.png"; sourceTree = "<group>"; };
		A28712661B7F1FD800010154 /* icon-57.png */ = {isa = PBXFileReference; lastKnownFileType = image.png; path = "icon-57.png"; sourceTree = "<group>"; };
		A28712671B7F1FD800010154 /* icon-114.png */ = {isa = PBXFileReference; lastKnownFileType = image.png; path = "icon-114.png"; sourceTree = "<group>"; };
		A28712681B7F1FD800010154 /* icon-120.png */ = {isa = PBXFileReference; lastKnownFileType = image.png; path = "icon-120.png"; sourceTree = "<group>"; };
		A287126F1B7F203400010154 /* Default-568h@2x.png */ = {isa = PBXFileReference; lastKnownFileType = image.png; path = "Default-568h@2x.png"; sourceTree = "<group>"; };
		A28712701B7F203400010154 /* Default-667h@2x.png */ = {isa = PBXFileReference; lastKnownFileType = image.png; path = "Default-667h@2x.png"; sourceTree = "<group>"; };
		A28712711B7F203400010154 /* Default-736h@3x.png */ = {isa = PBXFileReference; lastKnownFileType = image.png; path = "Default-736h@3x.png"; sourceTree = "<group>"; };
		A28712721B7F203400010154 /* Default.png */ = {isa = PBXFileReference; lastKnownFileType = image.png; path = Default.png; sourceTree = "<group>"; };
		A28712731B7F203400010154 /* Default@2x.png */ = {isa = PBXFileReference; lastKnownFileType = image.png; path = "Default@2x.png"; sourceTree = "<group>"; };
		A287127F1B7F20AF00010154 /* intro_video_1.mov */ = {isa = PBXFileReference; lastKnownFileType = video.quicktime; path = intro_video_1.mov; sourceTree = "<group>"; };
		A28712801B7F20AF00010154 /* intro_video_2.mov */ = {isa = PBXFileReference; lastKnownFileType = video.quicktime; path = intro_video_2.mov; sourceTree = "<group>"; };
		A28712851B7F22AD00010154 /* launch_1@2x.png */ = {isa = PBXFileReference; lastKnownFileType = image.png; path = "launch_1@2x.png"; sourceTree = "<group>"; };
		A28712861B7F22AD00010154 /* launch_2@2x.png */ = {isa = PBXFileReference; lastKnownFileType = image.png; path = "launch_2@2x.png"; sourceTree = "<group>"; };
/* End PBXFileReference section */

/* Begin PBXFrameworksBuildPhase section */
		A28711971B7F0F7B00010154 /* Frameworks */ = {
			isa = PBXFrameworksBuildPhase;
			buildActionMask = 2147483647;
			files = (
				A28711E31B7F192200010154 /* CoreMedia.framework in Frameworks */,
			);
			runOnlyForDeploymentPostprocessing = 0;
		};
		A28711B01B7F0F7B00010154 /* Frameworks */ = {
			isa = PBXFrameworksBuildPhase;
			buildActionMask = 2147483647;
			files = (
			);
			runOnlyForDeploymentPostprocessing = 0;
		};
/* End PBXFrameworksBuildPhase section */

/* Begin PBXGroup section */
		A28711911B7F0F7B00010154 = {
			isa = PBXGroup;
			children = (
				A287119C1B7F0F7B00010154 /* DPLaunchIntro */,
				A28711B61B7F0F7B00010154 /* DPLaunchIntroTests */,
				A287128B1B7F22D100010154 /* Frameworks */,
				A287119B1B7F0F7B00010154 /* Products */,
			);
			sourceTree = "<group>";
		};
		A287119B1B7F0F7B00010154 /* Products */ = {
			isa = PBXGroup;
			children = (
				A287119A1B7F0F7B00010154 /* DPLaunchIntro.app */,
				A28711B31B7F0F7B00010154 /* DPLaunchIntroTests.xctest */,
			);
			name = Products;
			sourceTree = "<group>";
		};
		A287119C1B7F0F7B00010154 /* DPLaunchIntro */ = {
			isa = PBXGroup;
			children = (
				A28711A11B7F0F7B00010154 /* AppDelegate.h */,
				A28711A21B7F0F7B00010154 /* AppDelegate.m */,
				A28711A41B7F0F7B00010154 /* ViewController.h */,
				A28711A51B7F0F7B00010154 /* ViewController.m */,
				A28711C31B7F0FBD00010154 /* Guide */,
				A28711D61B7F12BE00010154 /* Player */,
				A28711E41B7F19BE00010154 /* Masonry */,
				A287120E1B7F1E3100010154 /* Images */,
				A287127E1B7F20AF00010154 /* Videos */,
				A287119D1B7F0F7B00010154 /* Supporting Files */,
			);
			path = DPLaunchIntro;
			sourceTree = "<group>";
		};
		A287119D1B7F0F7B00010154 /* Supporting Files */ = {
			isa = PBXGroup;
			children = (
				A287119E1B7F0F7B00010154 /* Info.plist */,
				A287119F1B7F0F7B00010154 /* main.m */,
				A28711DA1B7F13AD00010154 /* DPLaunchIntro-Prefix.pch */,
			);
			name = "Supporting Files";
			sourceTree = "<group>";
		};
		A28711B61B7F0F7B00010154 /* DPLaunchIntroTests */ = {
			isa = PBXGroup;
			children = (
				A28711B91B7F0F7B00010154 /* DPLaunchIntroTests.m */,
				A28711B71B7F0F7B00010154 /* Supporting Files */,
			);
			path = DPLaunchIntroTests;
			sourceTree = "<group>";
		};
		A28711B71B7F0F7B00010154 /* Supporting Files */ = {
			isa = PBXGroup;
			children = (
				A28711B81B7F0F7B00010154 /* Info.plist */,
			);
			name = "Supporting Files";
			sourceTree = "<group>";
		};
		A28711C31B7F0FBD00010154 /* Guide */ = {
			isa = PBXGroup;
			children = (
				A28711D31B7F10BC00010154 /* DPAppIntroPanel.h */,
				A28711D41B7F10BC00010154 /* DPAppIntroPanel.m */,
				A28711C41B7F0FBD00010154 /* DPIntroFirstView.h */,
				A28711C51B7F0FBD00010154 /* DPIntroFirstView.m */,
				A28711C61B7F0FBD00010154 /* DPIntroSecondView.h */,
				A28711C71B7F0FBD00010154 /* DPIntroSecondView.m */,
				A28711C81B7F0FBD00010154 /* DPIntroThirdView.h */,
				A28711C91B7F0FBD00010154 /* DPIntroThirdView.m */,
				A28711CA1B7F0FBD00010154 /* DPLaunchAnimationPanel.h */,
				A28711CB1B7F0FBD00010154 /* DPLaunchAnimationPanel.m */,
				A28711DE1B7F181600010154 /* DPLaunchAnimationView.h */,
				A28711DF1B7F181600010154 /* DPLaunchAnimationView.m */,
			);
			path = Guide;
			sourceTree = "<group>";
		};
		A28711D61B7F12BE00010154 /* Player */ = {
			isa = PBXGroup;
			children = (
				A28711D71B7F12BE00010154 /* DPMoviePlayerView.h */,
				A28711D81B7F12BE00010154 /* DPMoviePlayerView.m */,
			);
			path = Player;
			sourceTree = "<group>";
		};
		A28711E41B7F19BE00010154 /* Masonry */ = {
			isa = PBXGroup;
			children = (
				A28711E51B7F19BE00010154 /* MASCompositeConstraint.h */,
				A28711E61B7F19BE00010154 /* MASCompositeConstraint.m */,
				A28711E71B7F19BE00010154 /* MASConstraint+Private.h */,
				A28711E81B7F19BE00010154 /* MASConstraint.h */,
				A28711E91B7F19BE00010154 /* MASConstraint.m */,
				A28711EA1B7F19BE00010154 /* MASConstraintMaker.h */,
				A28711EB1B7F19BE00010154 /* MASConstraintMaker.m */,
				A28711EC1B7F19BE00010154 /* MASLayoutConstraint.h */,
				A28711ED1B7F19BE00010154 /* MASLayoutConstraint.m */,
				A28711EE1B7F19BE00010154 /* Masonry.h */,
				A28711EF1B7F19BE00010154 /* MASUtilities.h */,
				A28711F01B7F19BE00010154 /* MASViewAttribute.h */,
				A28711F11B7F19BE00010154 /* MASViewAttribute.m */,
				A28711F21B7F19BE00010154 /* MASViewConstraint.h */,
				A28711F31B7F19BE00010154 /* MASViewConstraint.m */,
				A28711F41B7F19BE00010154 /* NSArray+MASAdditions.h */,
				A28711F51B7F19BE00010154 /* NSArray+MASAdditions.m */,
				A28711F61B7F19BE00010154 /* NSArray+MASShorthandAdditions.h */,
				A28711F71B7F19BE00010154 /* NSLayoutConstraint+MASDebugAdditions.h */,
				A28711F81B7F19BE00010154 /* NSLayoutConstraint+MASDebugAdditions.m */,
				A28711F91B7F19BE00010154 /* View+MASAdditions.h */,
				A28711FA1B7F19BE00010154 /* View+MASAdditions.m */,
				A28711FB1B7F19BE00010154 /* View+MASShorthandAdditions.h */,
			);
			path = Masonry;
			sourceTree = "<group>";
		};
		A287120E1B7F1E3100010154 /* Images */ = {
			isa = PBXGroup;
			children = (
				A28712661B7F1FD800010154 /* icon-57.png */,
				A28712671B7F1FD800010154 /* icon-114.png */,
				A28712681B7F1FD800010154 /* icon-120.png */,
				A287126F1B7F203400010154 /* Default-568h@2x.png */,
				A28712701B7F203400010154 /* Default-667h@2x.png */,
				A28712711B7F203400010154 /* Default-736h@3x.png */,
				A28712721B7F203400010154 /* Default.png */,
				A28712731B7F203400010154 /* Default@2x.png */,
				A28712851B7F22AD00010154 /* launch_1@2x.png */,
				A28712861B7F22AD00010154 /* launch_2@2x.png */,
				A287120F1B7F1E3100010154 /* welcome_bg_ip4@2x.png */,
				A28712101B7F1E3100010154 /* welcome_bg_ip6p@2x.png */,
				A28712111B7F1E3100010154 /* welcome_cover_ip4@2x.png */,
				A28712121B7F1E3100010154 /* welcome_cover_ip6p@2x.png */,
				A28712131B7F1E3100010154 /* welcome_item1_ip4@2x.png */,
				A28712141B7F1E3100010154 /* welcome_item1_ip6p@2x.png */,
				A28712151B7F1E3100010154 /* welcome_item2_ip4@2x.png */,
				A28712161B7F1E3100010154 /* welcome_item2_ip6p@2x.png */,
				A28712171B7F1E3100010154 /* welcome_item3_ip4@2x.png */,
				A28712181B7F1E3100010154 /* welcome_item3_ip6p@2x.png */,
				A28712191B7F1E3100010154 /* welcome_join_ip4@2x.png */,
				A287121A1B7F1E3100010154 /* welcome_join_ip4_HL@2x.png */,
				A287121B1B7F1E3100010154 /* welcome_join_ip6p@2x.png */,
				A287121C1B7F1E3100010154 /* welcome_join_ip6p_HL@2x.png */,
				A287121D1B7F1E3100010154 /* welcome_Logo_ip4@2x.png */,
				A287121E1B7F1E3100010154 /* welcome_Logo_ip6p@2x.png */,
				A287121F1B7F1E3100010154 /* welcome_text1_ip4@2x.png */,
				A28712201B7F1E3100010154 /* welcome_text1_ip6p@2x.png */,
				A28712211B7F1E3100010154 /* welcome_text2_ip4@2x.png */,
				A28712221B7F1E3100010154 /* welcome_text2_ip6p@2x.png */,
				A28712231B7F1E3100010154 /* welcome_text3_ip4@2x.png */,
				A28712241B7F1E3100010154 /* welcome_text3_ip6p@2x.png */,
				A28712251B7F1E3100010154 /* welcome_title1_ip4@2x.png */,
				A28712261B7F1E3100010154 /* welcome_title1_ip6p@2x.png */,
				A28712271B7F1E3100010154 /* welcome_title2_ip4@2x.png */,
				A28712281B7F1E3100010154 /* welcome_title2_ip6p@2x.png */,
			);
			path = Images;
			sourceTree = "<group>";
		};
		A287127E1B7F20AF00010154 /* Videos */ = {
			isa = PBXGroup;
			children = (
				A287127F1B7F20AF00010154 /* intro_video_1.mov */,
				A28712801B7F20AF00010154 /* intro_video_2.mov */,
			);
			path = Videos;
			sourceTree = "<group>";
		};
		A287128B1B7F22D100010154 /* Frameworks */ = {
			isa = PBXGroup;
			children = (
				A28711E21B7F192200010154 /* CoreMedia.framework */,
			);
			name = Frameworks;
			sourceTree = "<group>";
		};
/* End PBXGroup section */

/* Begin PBXNativeTarget section */
		A28711991B7F0F7B00010154 /* DPLaunchIntro */ = {
			isa = PBXNativeTarget;
			buildConfigurationList = A28711BD1B7F0F7B00010154 /* Build configuration list for PBXNativeTarget "DPLaunchIntro" */;
			buildPhases = (
				A28711961B7F0F7B00010154 /* Sources */,
				A28711971B7F0F7B00010154 /* Frameworks */,
				A28711981B7F0F7B00010154 /* Resources */,
			);
			buildRules = (
			);
			dependencies = (
			);
			name = DPLaunchIntro;
			productName = DPLaunchIntro;
			productReference = A287119A1B7F0F7B00010154 /* DPLaunchIntro.app */;
			productType = "com.apple.product-type.application";
		};
		A28711B21B7F0F7B00010154 /* DPLaunchIntroTests */ = {
			isa = PBXNativeTarget;
			buildConfigurationList = A28711C01B7F0F7B00010154 /* Build configuration list for PBXNativeTarget "DPLaunchIntroTests" */;
			buildPhases = (
				A28711AF1B7F0F7B00010154 /* Sources */,
				A28711B01B7F0F7B00010154 /* Frameworks */,
				A28711B11B7F0F7B00010154 /* Resources */,
			);
			buildRules = (
			);
			dependencies = (
				A28711B51B7F0F7B00010154 /* PBXTargetDependency */,
			);
			name = DPLaunchIntroTests;
			productName = DPLaunchIntroTests;
			productReference = A28711B31B7F0F7B00010154 /* DPLaunchIntroTests.xctest */;
			productType = "com.apple.product-type.bundle.unit-test";
		};
/* End PBXNativeTarget section */

/* Begin PBXProject section */
		A28711921B7F0F7B00010154 /* Project object */ = {
			isa = PBXProject;
			attributes = {
				LastUpgradeCheck = 0640;
				ORGANIZATIONNAME = yxw;
				TargetAttributes = {
					A28711991B7F0F7B00010154 = {
						CreatedOnToolsVersion = 6.4;
					};
					A28711B21B7F0F7B00010154 = {
						CreatedOnToolsVersion = 6.4;
						TestTargetID = A28711991B7F0F7B00010154;
					};
				};
			};
			buildConfigurationList = A28711951B7F0F7B00010154 /* Build configuration list for PBXProject "DPLaunchIntro" */;
			compatibilityVersion = "Xcode 3.2";
			developmentRegion = English;
			hasScannedForEncodings = 0;
			knownRegions = (
				en,
				Base,
			);
			mainGroup = A28711911B7F0F7B00010154;
			productRefGroup = A287119B1B7F0F7B00010154 /* Products */;
			projectDirPath = "";
			projectRoot = "";
			targets = (
				A28711991B7F0F7B00010154 /* DPLaunchIntro */,
				A28711B21B7F0F7B00010154 /* DPLaunchIntroTests */,
			);
		};
/* End PBXProject section */

/* Begin PBXResourcesBuildPhase section */
		A28711981B7F0F7B00010154 /* Resources */ = {
			isa = PBXResourcesBuildPhase;
			buildActionMask = 2147483647;
			files = (
				A28712291B7F1E3100010154 /* welcome_bg_ip4@2x.png in Resources */,
				A28712371B7F1E3100010154 /* welcome_item2_ip6p@2x.png in Resources */,
				A28712411B7F1E3100010154 /* welcome_join_ip6p@2x.png in Resources */,
				A28712391B7F1E3100010154 /* welcome_item3_ip4@2x.png in Resources */,
				A28712831B7F20AF00010154 /* intro_video_2.mov in Resources */,
				A28712431B7F1E3100010154 /* welcome_join_ip6p_HL@2x.png in Resources */,
				A28712471B7F1E3100010154 /* welcome_Logo_ip6p@2x.png in Resources */,
				A287125B1B7F1E3100010154 /* welcome_title2_ip6p@2x.png in Resources */,
				A287122B1B7F1E3100010154 /* welcome_bg_ip6p@2x.png in Resources */,
				A28712691B7F1FD800010154 /* icon-57.png in Resources */,
				A28712891B7F22AD00010154 /* launch_2@2x.png in Resources */,
				A287124F1B7F1E3100010154 /* welcome_text2_ip6p@2x.png in Resources */,
				A287127A1B7F203400010154 /* Default.png in Resources */,
				A28712491B7F1E3100010154 /* welcome_text1_ip4@2x.png in Resources */,
				A28712781B7F203400010154 /* Default-736h@3x.png in Resources */,
				A287124B1B7F1E3100010154 /* welcome_text1_ip6p@2x.png in Resources */,
				A287123F1B7F1E3100010154 /* welcome_join_ip4_HL@2x.png in Resources */,
				A287123B1B7F1E3100010154 /* welcome_item3_ip6p@2x.png in Resources */,
				A287122F1B7F1E3100010154 /* welcome_cover_ip6p@2x.png in Resources */,
				A28712871B7F22AD00010154 /* launch_1@2x.png in Resources */,
				A287123D1B7F1E3100010154 /* welcome_join_ip4@2x.png in Resources */,
				A28712811B7F20AF00010154 /* intro_video_1.mov in Resources */,
				A28712571B7F1E3100010154 /* welcome_title1_ip6p@2x.png in Resources */,
				A28712311B7F1E3100010154 /* welcome_item1_ip4@2x.png in Resources */,
				A28712591B7F1E3100010154 /* welcome_title2_ip4@2x.png in Resources */,
				A287126B1B7F1FD800010154 /* icon-114.png in Resources */,
				A28712551B7F1E3100010154 /* welcome_title1_ip4@2x.png in Resources */,
				A287126D1B7F1FD800010154 /* icon-120.png in Resources */,
				A28712531B7F1E3100010154 /* welcome_text3_ip6p@2x.png in Resources */,
				A28712761B7F203400010154 /* Default-667h@2x.png in Resources */,
				A287127C1B7F203400010154 /* Default@2x.png in Resources */,
				A28712741B7F203400010154 /* Default-568h@2x.png in Resources */,
				A287124D1B7F1E3100010154 /* welcome_text2_ip4@2x.png in Resources */,
				A28712451B7F1E3100010154 /* welcome_Logo_ip4@2x.png in Resources */,
				A28712351B7F1E3100010154 /* welcome_item2_ip4@2x.png in Resources */,
				A287122D1B7F1E3100010154 /* welcome_cover_ip4@2x.png in Resources */,
				A28712511B7F1E3100010154 /* welcome_text3_ip4@2x.png in Resources */,
				A28712331B7F1E3100010154 /* welcome_item1_ip6p@2x.png in Resources */,
			);
			runOnlyForDeploymentPostprocessing = 0;
		};
		A28711B11B7F0F7B00010154 /* Resources */ = {
			isa = PBXResourcesBuildPhase;
			buildActionMask = 2147483647;
			files = (
				A28712441B7F1E3100010154 /* welcome_join_ip6p_HL@2x.png in Resources */,
				A28712381B7F1E3100010154 /* welcome_item2_ip6p@2x.png in Resources */,
				A28712501B7F1E3100010154 /* welcome_text2_ip6p@2x.png in Resources */,
				A28712581B7F1E3100010154 /* welcome_title1_ip6p@2x.png in Resources */,
				A28712841B7F20AF00010154 /* intro_video_2.mov in Resources */,
				A287123C1B7F1E3100010154 /* welcome_item3_ip6p@2x.png in Resources */,
				A287124C1B7F1E3100010154 /* welcome_text1_ip6p@2x.png in Resources */,
				A287123A1B7F1E3100010154 /* welcome_item3_ip4@2x.png in Resources */,
				A287123E1B7F1E3100010154 /* welcome_join_ip4@2x.png in Resources */,
				A287126A1B7F1FD800010154 /* icon-57.png in Resources */,
				A287128A1B7F22AD00010154 /* launch_2@2x.png in Resources */,
				A28712561B7F1E3100010154 /* welcome_title1_ip4@2x.png in Resources */,
				A287127B1B7F203400010154 /* Default.png in Resources */,
				A28712461B7F1E3100010154 /* welcome_Logo_ip4@2x.png in Resources */,
				A28712791B7F203400010154 /* Default-736h@3x.png in Resources */,
				A28712521B7F1E3100010154 /* welcome_text3_ip4@2x.png in Resources */,
				A287122A1B7F1E3100010154 /* welcome_bg_ip4@2x.png in Resources */,
				A28712321B7F1E3100010154 /* welcome_item1_ip4@2x.png in Resources */,
				A28712421B7F1E3100010154 /* welcome_join_ip6p@2x.png in Resources */,
				A28712881B7F22AD00010154 /* launch_1@2x.png in Resources */,
				A287122C1B7F1E3100010154 /* welcome_bg_ip6p@2x.png in Resources */,
				A28712821B7F20AF00010154 /* intro_video_1.mov in Resources */,
				A28712301B7F1E3100010154 /* welcome_cover_ip6p@2x.png in Resources */,
				A28712361B7F1E3100010154 /* welcome_item2_ip4@2x.png in Resources */,
				A287125A1B7F1E3100010154 /* welcome_title2_ip4@2x.png in Resources */,
				A287126C1B7F1FD800010154 /* icon-114.png in Resources */,
				A28712401B7F1E3100010154 /* welcome_join_ip4_HL@2x.png in Resources */,
				A287126E1B7F1FD800010154 /* icon-120.png in Resources */,
				A287124A1B7F1E3100010154 /* welcome_text1_ip4@2x.png in Resources */,
				A28712771B7F203400010154 /* Default-667h@2x.png in Resources */,
				A287127D1B7F203400010154 /* Default@2x.png in Resources */,
				A28712751B7F203400010154 /* Default-568h@2x.png in Resources */,
				A287124E1B7F1E3100010154 /* welcome_text2_ip4@2x.png in Resources */,
				A287122E1B7F1E3100010154 /* welcome_cover_ip4@2x.png in Resources */,
				A287125C1B7F1E3100010154 /* welcome_title2_ip6p@2x.png in Resources */,
				A28712341B7F1E3100010154 /* welcome_item1_ip6p@2x.png in Resources */,
				A28712481B7F1E3100010154 /* welcome_Logo_ip6p@2x.png in Resources */,
				A28712541B7F1E3100010154 /* welcome_text3_ip6p@2x.png in Resources */,
			);
			runOnlyForDeploymentPostprocessing = 0;
		};
/* End PBXResourcesBuildPhase section */

/* Begin PBXSourcesBuildPhase section */
		A28711961B7F0F7B00010154 /* Sources */ = {
			isa = PBXSourcesBuildPhase;
			buildActionMask = 2147483647;
			files = (
				A287120C1B7F19BE00010154 /* View+MASAdditions.m in Sources */,
				A28711E01B7F181600010154 /* DPLaunchAnimationView.m in Sources */,
				A28711CE1B7F0FBD00010154 /* DPIntroFirstView.m in Sources */,
				A28711A61B7F0F7B00010154 /* ViewController.m in Sources */,
				A28711D11B7F0FBD00010154 /* DPLaunchAnimationPanel.m in Sources */,
				A28711CF1B7F0FBD00010154 /* DPIntroSecondView.m in Sources */,
				A28712041B7F19BE00010154 /* MASViewAttribute.m in Sources */,
				A28711FC1B7F19BE00010154 /* MASCompositeConstraint.m in Sources */,
				A28711A31B7F0F7B00010154 /* AppDelegate.m in Sources */,
				A28711D91B7F12BE00010154 /* DPMoviePlayerView.m in Sources */,
				A28712001B7F19BE00010154 /* MASConstraintMaker.m in Sources */,
				A28711FE1B7F19BE00010154 /* MASConstraint.m in Sources */,
				A287120A1B7F19BE00010154 /* NSLayoutConstraint+MASDebugAdditions.m in Sources */,
				A28712021B7F19BE00010154 /* MASLayoutConstraint.m in Sources */,
				A28712081B7F19BE00010154 /* NSArray+MASAdditions.m in Sources */,
				A28711D51B7F10BC00010154 /* DPAppIntroPanel.m in Sources */,
				A28711A01B7F0F7B00010154 /* main.m in Sources */,
				A28711D01B7F0FBD00010154 /* DPIntroThirdView.m in Sources */,
				A28712061B7F19BE00010154 /* MASViewConstraint.m in Sources */,
			);
			runOnlyForDeploymentPostprocessing = 0;
		};
		A28711AF1B7F0F7B00010154 /* Sources */ = {
			isa = PBXSourcesBuildPhase;
			buildActionMask = 2147483647;
			files = (
				A28711FF1B7F19BE00010154 /* MASConstraint.m in Sources */,
				A28712051B7F19BE00010154 /* MASViewAttribute.m in Sources */,
				A28712011B7F19BE00010154 /* MASConstraintMaker.m in Sources */,
				A287120B1B7F19BE00010154 /* NSLayoutConstraint+MASDebugAdditions.m in Sources */,
				A28711E11B7F181600010154 /* DPLaunchAnimationView.m in Sources */,
				A28711FD1B7F19BE00010154 /* MASCompositeConstraint.m in Sources */,
				A287120D1B7F19BE00010154 /* View+MASAdditions.m in Sources */,
				A28712091B7F19BE00010154 /* NSArray+MASAdditions.m in Sources */,
				A28712031B7F19BE00010154 /* MASLayoutConstraint.m in Sources */,
				A28711BA1B7F0F7B00010154 /* DPLaunchIntroTests.m in Sources */,
				A28712071B7F19BE00010154 /* MASViewConstraint.m in Sources */,
			);
			runOnlyForDeploymentPostprocessing = 0;
		};
/* End PBXSourcesBuildPhase section */

/* Begin PBXTargetDependency section */
		A28711B51B7F0F7B00010154 /* PBXTargetDependency */ = {
			isa = PBXTargetDependency;
			target = A28711991B7F0F7B00010154 /* DPLaunchIntro */;
			targetProxy = A28711B41B7F0F7B00010154 /* PBXContainerItemProxy */;
		};
/* End PBXTargetDependency section */

/* Begin XCBuildConfiguration section */
		A28711BB1B7F0F7B00010154 /* Debug */ = {
			isa = XCBuildConfiguration;
			buildSettings = {
				ALWAYS_SEARCH_USER_PATHS = NO;
				CLANG_CXX_LANGUAGE_STANDARD = "gnu++0x";
				CLANG_CXX_LIBRARY = "libc++";
				CLANG_ENABLE_MODULES = YES;
				CLANG_ENABLE_OBJC_ARC = YES;
				CLANG_WARN_BOOL_CONVERSION = YES;
				CLANG_WARN_CONSTANT_CONVERSION = YES;
				CLANG_WARN_DIRECT_OBJC_ISA_USAGE = YES_ERROR;
				CLANG_WARN_EMPTY_BODY = YES;
				CLANG_WARN_ENUM_CONVERSION = YES;
				CLANG_WARN_INT_CONVERSION = YES;
				CLANG_WARN_OBJC_ROOT_CLASS = YES_ERROR;
				CLANG_WARN_UNREACHABLE_CODE = YES;
				CLANG_WARN__DUPLICATE_METHOD_MATCH = YES;
				"CODE_SIGN_IDENTITY[sdk=iphoneos*]" = "iPhone Developer";
				COPY_PHASE_STRIP = NO;
				DEBUG_INFORMATION_FORMAT = "dwarf-with-dsym";
				ENABLE_STRICT_OBJC_MSGSEND = YES;
				GCC_C_LANGUAGE_STANDARD = gnu99;
				GCC_DYNAMIC_NO_PIC = NO;
				GCC_NO_COMMON_BLOCKS = YES;
				GCC_OPTIMIZATION_LEVEL = 0;
				GCC_PREPROCESSOR_DEFINITIONS = (
					"DEBUG=1",
					"$(inherited)",
				);
				GCC_SYMBOLS_PRIVATE_EXTERN = NO;
				GCC_WARN_64_TO_32_BIT_CONVERSION = YES;
				GCC_WARN_ABOUT_RETURN_TYPE = YES_ERROR;
				GCC_WARN_UNDECLARED_SELECTOR = YES;
				GCC_WARN_UNINITIALIZED_AUTOS = YES_AGGRESSIVE;
				GCC_WARN_UNUSED_FUNCTION = YES;
				GCC_WARN_UNUSED_VARIABLE = YES;
				IPHONEOS_DEPLOYMENT_TARGET = 8.4;
				MTL_ENABLE_DEBUG_INFO = YES;
				ONLY_ACTIVE_ARCH = YES;
				SDKROOT = iphoneos;
			};
			name = Debug;
		};
		A28711BC1B7F0F7B00010154 /* Release */ = {
			isa = XCBuildConfiguration;
			buildSettings = {
				ALWAYS_SEARCH_USER_PATHS = NO;
				CLANG_CXX_LANGUAGE_STANDARD = "gnu++0x";
				CLANG_CXX_LIBRARY = "libc++";
				CLANG_ENABLE_MODULES = YES;
				CLANG_ENABLE_OBJC_ARC = YES;
				CLANG_WARN_BOOL_CONVERSION = YES;
				CLANG_WARN_CONSTANT_CONVERSION = YES;
				CLANG_WARN_DIRECT_OBJC_ISA_USAGE = YES_ERROR;
				CLANG_WARN_EMPTY_BODY = YES;
				CLANG_WARN_ENUM_CONVERSION = YES;
				CLANG_WARN_INT_CONVERSION = YES;
				CLANG_WARN_OBJC_ROOT_CLASS = YES_ERROR;
				CLANG_WARN_UNREACHABLE_CODE = YES;
				CLANG_WARN__DUPLICATE_METHOD_MATCH = YES;
				"CODE_SIGN_IDENTITY[sdk=iphoneos*]" = "iPhone Developer";
				COPY_PHASE_STRIP = NO;
				DEBUG_INFORMATION_FORMAT = "dwarf-with-dsym";
				ENABLE_NS_ASSERTIONS = NO;
				ENABLE_STRICT_OBJC_MSGSEND = YES;
				GCC_C_LANGUAGE_STANDARD = gnu99;
				GCC_NO_COMMON_BLOCKS = YES;
				GCC_WARN_64_TO_32_BIT_CONVERSION = YES;
				GCC_WARN_ABOUT_RETURN_TYPE = YES_ERROR;
				GCC_WARN_UNDECLARED_SELECTOR = YES;
				GCC_WARN_UNINITIALIZED_AUTOS = YES_AGGRESSIVE;
				GCC_WARN_UNUSED_FUNCTION = YES;
				GCC_WARN_UNUSED_VARIABLE = YES;
				IPHONEOS_DEPLOYMENT_TARGET = 8.4;
				MTL_ENABLE_DEBUG_INFO = NO;
				SDKROOT = iphoneos;
				VALIDATE_PRODUCT = YES;
			};
			name = Release;
		};
		A28711BE1B7F0F7B00010154 /* Debug */ = {
			isa = XCBuildConfiguration;
			buildSettings = {
				GCC_PRECOMPILE_PREFIX_HEADER = YES;
				GCC_PREFIX_HEADER = "$(SRCROOT)/DPLaunchIntro/DPLaunchIntro-Prefix.pch";
				INFOPLIST_FILE = DPLaunchIntro/Info.plist;
				IPHONEOS_DEPLOYMENT_TARGET = 7.0;
				LD_RUNPATH_SEARCH_PATHS = "$(inherited) @executable_path/Frameworks";
				PRODUCT_NAME = "$(TARGET_NAME)";
			};
			name = Debug;
		};
		A28711BF1B7F0F7B00010154 /* Release */ = {
			isa = XCBuildConfiguration;
			buildSettings = {
				GCC_PRECOMPILE_PREFIX_HEADER = YES;
				GCC_PREFIX_HEADER = "$(SRCROOT)/DPLaunchIntro/DPLaunchIntro-Prefix.pch";
				INFOPLIST_FILE = DPLaunchIntro/Info.plist;
				IPHONEOS_DEPLOYMENT_TARGET = 7.0;
				LD_RUNPATH_SEARCH_PATHS = "$(inherited) @executable_path/Frameworks";
				PRODUCT_NAME = "$(TARGET_NAME)";
			};
			name = Release;
		};
		A28711C11B7F0F7B00010154 /* Debug */ = {
			isa = XCBuildConfiguration;
			buildSettings = {
				BUNDLE_LOADER = "$(TEST_HOST)";
				FRAMEWORK_SEARCH_PATHS = (
					"$(SDKROOT)/Developer/Library/Frameworks",
					"$(inherited)",
				);
				GCC_PRECOMPILE_PREFIX_HEADER = YES;
				GCC_PREFIX_HEADER = "$(SRCROOT)/DPLaunchIntro/DPLaunchIntro-Prefix.pch";
				GCC_PREPROCESSOR_DEFINITIONS = (
					"DEBUG=1",
					"$(inherited)",
				);
				INFOPLIST_FILE = DPLaunchIntroTests/Info.plist;
				LD_RUNPATH_SEARCH_PATHS = "$(inherited) @executable_path/Frameworks @loader_path/Frameworks";
				PRODUCT_NAME = "$(TARGET_NAME)";
				TEST_HOST = "$(BUILT_PRODUCTS_DIR)/DPLaunchIntro.app/DPLaunchIntro";
			};
			name = Debug;
		};
		A28711C21B7F0F7B00010154 /* Release */ = {
			isa = XCBuildConfiguration;
			buildSettings = {
				BUNDLE_LOADER = "$(TEST_HOST)";
				FRAMEWORK_SEARCH_PATHS = (
					"$(SDKROOT)/Developer/Library/Frameworks",
					"$(inherited)",
				);
				GCC_PRECOMPILE_PREFIX_HEADER = YES;
				GCC_PREFIX_HEADER = "$(SRCROOT)/DPLaunchIntro/DPLaunchIntro-Prefix.pch";
				INFOPLIST_FILE = DPLaunchIntroTests/Info.plist;
				LD_RUNPATH_SEARCH_PATHS = "$(inherited) @executable_path/Frameworks @loader_path/Frameworks";
				PRODUCT_NAME = "$(TARGET_NAME)";
				TEST_HOST = "$(BUILT_PRODUCTS_DIR)/DPLaunchIntro.app/DPLaunchIntro";
			};
			name = Release;
		};
/* End XCBuildConfiguration section */

/* Begin XCConfigurationList section */
		A28711951B7F0F7B00010154 /* Build configuration list for PBXProject "DPLaunchIntro" */ = {
			isa = XCConfigurationList;
			buildConfigurations = (
				A28711BB1B7F0F7B00010154 /* Debug */,
				A28711BC1B7F0F7B00010154 /* Release */,
			);
			defaultConfigurationIsVisible = 0;
			defaultConfigurationName = Release;
		};
		A28711BD1B7F0F7B00010154 /* Build configuration list for PBXNativeTarget "DPLaunchIntro" */ = {
			isa = XCConfigurationList;
			buildConfigurations = (
				A28711BE1B7F0F7B00010154 /* Debug */,
				A28711BF1B7F0F7B00010154 /* Release */,
			);
			defaultConfigurationIsVisible = 0;
		};
		A28711C01B7F0F7B00010154 /* Build configuration list for PBXNativeTarget "DPLaunchIntroTests" */ = {
			isa = XCConfigurationList;
			buildConfigurations = (
				A28711C11B7F0F7B00010154 /* Debug */,
				A28711C21B7F0F7B00010154 /* Release */,
			);
			defaultConfigurationIsVisible = 0;
		};
/* End XCConfigurationList section */
	};
	rootObject = A28711921B7F0F7B00010154 /* Project object */;
}
